{
  "name": "game-evonytkr-infrastructure",
  "version": "0.1.0",
  "lockfileVersion": 3,
  "requires": true,
  "packages": {
    "": {
      "name": "game-evonytkr-infrastructure",
      "version": "0.1.0",
      "devDependencies": {
        "@types/node": "^25.2.1",
        "aws-cdk": "2.1105.0",
        "aws-cdk-lib": "2.237.1",
        "constructs": "^10.4.5",
        "tsx": "^4.21.0",
        "typescript": "~5.9.3"
      }
    },
    "../node_modules/.pnpm/aws-cdk-lib@2.237.1_constructs@10.4.5/node_modules/aws-cdk-lib": {
      "version": "2.237.1",
      "bundleDependencies": [
        "@balena/dockerignore",
        "case",
        "fs-extra",
        "ignore",
        "jsonschema",
        "minimatch",
        "punycode",
        "semver",
        "table",
        "yaml",
        "mime-types"
      ],
      "dev": true,
      "license": "Apache-2.0",
      "dependencies": {
        "@aws-cdk/asset-awscli-v1": "2.2.263",
        "@aws-cdk/asset-node-proxy-agent-v6": "^2.1.0",
        "@aws-cdk/cloud-assembly-schema": "^48.20.0",
        "@balena/dockerignore": "^1.0.2",
        "case": "1.6.3",
        "fs-extra": "^11.3.3",
        "ignore": "^5.3.2",
        "jsonschema": "^1.5.0",
        "mime-types": "^2.1.35",
        "minimatch": "^3.1.2",
        "punycode": "^2.3.1",
        "semver": "^7.7.3",
        "table": "^6.9.0",
        "yaml": "1.10.2"
      },
      "devDependencies": {
        "@aws-cdk/aws-custom-resource-sdk-adapter": "2.237.1-alpha.0",
        "@aws-cdk/aws-service-spec": "^0.1.144",
        "@aws-cdk/cdk-build-tools": "2.237.1-alpha.0",
        "@aws-cdk/custom-resource-handlers": "2.237.1-alpha.0",
        "@aws-cdk/lambda-layer-kubectl-v31": "^2.1.0",
        "@aws-cdk/lazify": "2.237.1-alpha.0",
        "@aws-cdk/pkglint": "2.237.1-alpha.0",
        "@aws-cdk/spec2cdk": "2.237.1-alpha.0",
        "@aws-sdk/client-account": "3.632.0",
        "@aws-sdk/client-acm": "3.632.0",
        "@aws-sdk/client-cloudwatch-logs": "3.632.0",
        "@aws-sdk/client-codepipeline": "3.632.0",
        "@aws-sdk/client-dynamodb": "3.632.0",
        "@aws-sdk/client-ec2": "3.632.0",
        "@aws-sdk/client-ecr": "3.632.0",
        "@aws-sdk/client-eks": "3.632.0",
        "@aws-sdk/client-iam": "3.632.0",
        "@aws-sdk/client-lambda": "3.632.0",
        "@aws-sdk/client-route-53": "3.632.0",
        "@aws-sdk/client-s3": "3.632.0",
        "@aws-sdk/client-sfn": "3.632.0",
        "@aws-sdk/client-ssm": "3.632.0",
        "@aws-sdk/client-sts": "3.632.0",
        "@aws-sdk/credential-providers": "3.632.0",
        "@smithy/node-http-handler": "3.3.3",
        "@smithy/types": "3.7.2",
        "@smithy/util-stream": "3.3.4",
        "@types/aws-lambda": "^8.10.160",
        "@types/jest": "^29.5.14",
        "@types/lodash": "^4.17.23",
        "@types/mime-types": "^2.1.4",
        "@types/punycode": "^2.1.4",
        "aws-sdk-client-mock": "4.1.0",
        "aws-sdk-client-mock-jest": "4.1.0",
        "cdk8s": "2.70.43",
        "constructs": "^10.0.0",
        "delay": "5.0.0",
        "esbuild": "^0.25.0",
        "fast-check": "^3.23.2",
        "jest": "^29.7.0",
        "jest-each": "^29.7.0",
        "jest-environment-node": "^29.7.0",
        "lambda-tester": "^4.0.1",
        "lodash": "^4.17.21",
        "nock": "^13.5.6",
        "sinon": "^9.2.4",
        "ts-mock-imports": "^1.3.19",
        "ts-node": "^10.9.2",
        "typescript": "~5.5.4",
        "typescript-json-schema": "^0.67.1"
      },
      "engines": {
        "node": ">= 18.0.0"
      },
      "peerDependencies": {
        "constructs": "^10.0.0"
      }
    },
    "../node_modules/.pnpm/aws-cdk-lib@2.237.1_constructs@10.4.5/node_modules/aws-cdk-lib/node_modules/@balena/dockerignore": {
      "version": "1.0.2",
      "dev": true,
      "inBundle": true,
      "license": "Apache-2.0"
    },
    "../node_modules/.pnpm/aws-cdk-lib@2.237.1_constructs@10.4.5/node_modules/aws-cdk-lib/node_modules/ajv": {
      "version": "8.17.1",
      "dev": true,
      "inBundle": true,
      "license": "MIT",
      "dependencies": {
        "fast-deep-equal": "^3.1.3",
        "fast-uri": "^3.0.1",
        "json-schema-traverse": "^1.0.0",
        "require-from-string": "^2.0.2"
      },
      "funding": {
        "type": "github",
        "url": "https://github.com/sponsors/epoberezkin"
      }
    },
    "../node_modules/.pnpm/aws-cdk-lib@2.237.1_constructs@10.4.5/node_modules/aws-cdk-lib/node_modules/ansi-regex": {
      "version": "5.0.1",
      "dev": true,
      "inBundle": true,
      "license": "MIT",
      "engines": {
        "node": ">=8"
      }
    },
    "../node_modules/.pnpm/aws-cdk-lib@2.237.1_constructs@10.4.5/node_modules/aws-cdk-lib/node_modules/ansi-styles": {
      "version": "4.3.0",
      "dev": true,
      "inBundle": true,
      "license": "MIT",
      "dependencies": {
        "color-convert": "^2.0.1"
      },
      "engines": {
        "node": ">=8"
      },
      "funding": {
        "url": "https://github.com/chalk/ansi-styles?sponsor=1"
      }
    },
    "../node_modules/.pnpm/aws-cdk-lib@2.237.1_constructs@10.4.5/node_modules/aws-cdk-lib/node_modules/astral-regex": {
      "version": "2.0.0",
      "dev": true,
      "inBundle": true,
      "license": "MIT",
      "engines": {
        "node": ">=8"
      }
    },
    "../node_modules/.pnpm/aws-cdk-lib@2.237.1_constructs@10.4.5/node_modules/aws-cdk-lib/node_modules/balanced-match": {
      "version": "1.0.2",
      "dev": true,
      "inBundle": true,
      "license": "MIT"
    },
    "../node_modules/.pnpm/aws-cdk-lib@2.237.1_constructs@10.4.5/node_modules/aws-cdk-lib/node_modules/brace-expansion": {
      "version": "1.1.12",
      "dev": true,
      "inBundle": true,
      "license": "MIT",
      "dependencies": {
        "balanced-match": "^1.0.0",
        "concat-map": "0.0.1"
      }
    },
    "../node_modules/.pnpm/aws-cdk-lib@2.237.1_constructs@10.4.5/node_modules/aws-cdk-lib/node_modules/case": {
      "version": "1.6.3",
      "dev": true,
      "inBundle": true,
      "license": "(MIT OR GPL-3.0-or-later)",
      "engines": {
        "node": ">= 0.8.0"
      }
    },
    "../node_modules/.pnpm/aws-cdk-lib@2.237.1_constructs@10.4.5/node_modules/aws-cdk-lib/node_modules/color-convert": {
      "version": "2.0.1",
      "dev": true,
      "inBundle": true,
      "license": "MIT",
      "dependencies": {
        "color-name": "~1.1.4"
      },
      "engines": {
        "node": ">=7.0.0"
      }
    },
    "../node_modules/.pnpm/aws-cdk-lib@2.237.1_constructs@10.4.5/node_modules/aws-cdk-lib/node_modules/color-name": {
      "version": "1.1.4",
      "dev": true,
      "inBundle": true,
      "license": "MIT"
    },
    "../node_modules/.pnpm/aws-cdk-lib@2.237.1_constructs@10.4.5/node_modules/aws-cdk-lib/node_modules/concat-map": {
      "version": "0.0.1",
      "dev": true,
      "inBundle": true,
      "license": "MIT"
    },
    "../node_modules/.pnpm/aws-cdk-lib@2.237.1_constructs@10.4.5/node_modules/aws-cdk-lib/node_modules/emoji-regex": {
      "version": "8.0.0",
      "dev": true,
      "inBundle": true,
      "license": "MIT"
    },
    "../node_modules/.pnpm/aws-cdk-lib@2.237.1_constructs@10.4.5/node_modules/aws-cdk-lib/node_modules/fast-deep-equal": {
      "version": "3.1.3",
      "dev": true,
      "inBundle": true,
      "license": "MIT"
    },
    "../node_modules/.pnpm/aws-cdk-lib@2.237.1_constructs@10.4.5/node_modules/aws-cdk-lib/node_modules/fast-uri": {
      "version": "3.1.0",
      "dev": true,
      "funding": [
        {
          "type": "github",
          "url": "https://github.com/sponsors/fastify"
        },
        {
          "type": "opencollective",
          "url": "https://opencollective.com/fastify"
        }
      ],
      "inBundle": true,
      "license": "BSD-3-Clause"
    },
    "../node_modules/.pnpm/aws-cdk-lib@2.237.1_constructs@10.4.5/node_modules/aws-cdk-lib/node_modules/fs-extra": {
      "version": "11.3.3",
      "dev": true,
      "inBundle": true,
      "license": "MIT",
      "dependencies": {
        "graceful-fs": "^4.2.0",
        "jsonfile": "^6.0.1",
        "universalify": "^2.0.0"
      },
      "engines": {
        "node": ">=14.14"
      }
    },
    "../node_modules/.pnpm/aws-cdk-lib@2.237.1_constructs@10.4.5/node_modules/aws-cdk-lib/node_modules/graceful-fs": {
      "version": "4.2.11",
      "dev": true,
      "inBundle": true,
      "license": "ISC"
    },
    "../node_modules/.pnpm/aws-cdk-lib@2.237.1_constructs@10.4.5/node_modules/aws-cdk-lib/node_modules/ignore": {
      "version": "5.3.2",
      "dev": true,
      "inBundle": true,
      "license": "MIT",
      "engines": {
        "node": ">= 4"
      }
    },
    "../node_modules/.pnpm/aws-cdk-lib@2.237.1_constructs@10.4.5/node_modules/aws-cdk-lib/node_modules/is-fullwidth-code-point": {
      "version": "3.0.0",
      "dev": true,
      "inBundle": true,
      "license": "MIT",
      "engines": {
        "node": ">=8"
      }
    },
    "../node_modules/.pnpm/aws-cdk-lib@2.237.1_constructs@10.4.5/node_modules/aws-cdk-lib/node_modules/json-schema-traverse": {
      "version": "1.0.0",
      "dev": true,
      "inBundle": true,
      "license": "MIT"
    },
    "../node_modules/.pnpm/aws-cdk-lib@2.237.1_constructs@10.4.5/node_modules/aws-cdk-lib/node_modules/jsonfile": {
      "version": "6.2.0",
      "dev": true,
      "inBundle": true,
      "license": "MIT",
      "dependencies": {
        "universalify": "^2.0.0"
      },
      "optionalDependencies": {
        "graceful-fs": "^4.1.6"
      }
    },
    "../node_modules/.pnpm/aws-cdk-lib@2.237.1_constructs@10.4.5/node_modules/aws-cdk-lib/node_modules/jsonschema": {
      "version": "1.5.0",
      "dev": true,
      "inBundle": true,
      "license": "MIT",
      "engines": {
        "node": "*"
      }
    },
    "../node_modules/.pnpm/aws-cdk-lib@2.237.1_constructs@10.4.5/node_modules/aws-cdk-lib/node_modules/lodash.truncate": {
      "version": "4.4.2",
      "dev": true,
      "inBundle": true,
      "license": "MIT"
    },
    "../node_modules/.pnpm/aws-cdk-lib@2.237.1_constructs@10.4.5/node_modules/aws-cdk-lib/node_modules/mime-db": {
      "version": "1.52.0",
      "dev": true,
      "inBundle": true,
      "license": "MIT",
      "engines": {
        "node": ">= 0.6"
      }
    },
    "../node_modules/.pnpm/aws-cdk-lib@2.237.1_constructs@10.4.5/node_modules/aws-cdk-lib/node_modules/mime-types": {
      "version": "2.1.35",
      "dev": true,
      "inBundle": true,
      "license": "MIT",
      "dependencies": {
        "mime-db": "1.52.0"
      },
      "engines": {
        "node": ">= 0.6"
      }
    },
    "../node_modules/.pnpm/aws-cdk-lib@2.237.1_constructs@10.4.5/node_modules/aws-cdk-lib/node_modules/minimatch": {
      "version": "3.1.2",
      "dev": true,
      "inBundle": true,
      "license": "ISC",
      "dependencies": {
        "brace-expansion": "^1.1.7"
      },
      "engines": {
        "node": "*"
      }
    },
    "../node_modules/.pnpm/aws-cdk-lib@2.237.1_constructs@10.4.5/node_modules/aws-cdk-lib/node_modules/punycode": {
      "version": "2.3.1",
      "dev": true,
      "inBundle": true,
      "license": "MIT",
      "engines": {
        "node": ">=6"
      }
    },
    "../node_modules/.pnpm/aws-cdk-lib@2.237.1_constructs@10.4.5/node_modules/aws-cdk-lib/node_modules/require-from-string": {
      "version": "2.0.2",
      "dev": true,
      "inBundle": true,
      "license": "MIT",
      "engines": {
        "node": ">=0.10.0"
      }
    },
    "../node_modules/.pnpm/aws-cdk-lib@2.237.1_constructs@10.4.5/node_modules/aws-cdk-lib/node_modules/semver": {
      "version": "7.7.3",
      "dev": true,
      "inBundle": true,
      "license": "ISC",
      "bin": {
        "semver": "bin/semver.js"
      },
      "engines": {
        "node": ">=10"
      }
    },
    "../node_modules/.pnpm/aws-cdk-lib@2.237.1_constructs@10.4.5/node_modules/aws-cdk-lib/node_modules/slice-ansi": {
      "version": "4.0.0",
      "dev": true,
      "inBundle": true,
      "license": "MIT",
      "dependencies": {
        "ansi-styles": "^4.0.0",
        "astral-regex": "^2.0.0",
        "is-fullwidth-code-point": "^3.0.0"
      },
      "engines": {
        "node": ">=10"
      },
      "funding": {
        "url": "https://github.com/chalk/slice-ansi?sponsor=1"
      }
    },
    "../node_modules/.pnpm/aws-cdk-lib@2.237.1_constructs@10.4.5/node_modules/aws-cdk-lib/node_modules/string-width": {
      "version": "4.2.3",
      "dev": true,
      "inBundle": true,
      "license": "MIT",
      "dependencies": {
        "emoji-regex": "^8.0.0",
        "is-fullwidth-code-point": "^3.0.0",
        "strip-ansi": "^6.0.1"
      },
      "engines": {
        "node": ">=8"
      }
    },
    "../node_modules/.pnpm/aws-cdk-lib@2.237.1_constructs@10.4.5/node_modules/aws-cdk-lib/node_modules/strip-ansi": {
      "version": "6.0.1",
      "dev": true,
      "inBundle": true,
      "license": "MIT",
      "dependencies": {
        "ansi-regex": "^5.0.1"
      },
      "engines": {
        "node": ">=8"
      }
    },
    "../node_modules/.pnpm/aws-cdk-lib@2.237.1_constructs@10.4.5/node_modules/aws-cdk-lib/node_modules/table": {
      "version": "6.9.0",
      "dev": true,
      "inBundle": true,
      "license": "BSD-3-Clause",
      "dependencies": {
        "ajv": "^8.0.1",
        "lodash.truncate": "^4.4.2",
        "slice-ansi": "^4.0.0",
        "string-width": "^4.2.3",
        "strip-ansi": "^6.0.1"
      },
      "engines": {
        "node": ">=10.0.0"
      }
    },
    "../node_modules/.pnpm/aws-cdk-lib@2.237.1_constructs@10.4.5/node_modules/aws-cdk-lib/node_modules/universalify": {
      "version": "2.0.1",
      "dev": true,
      "inBundle": true,
      "license": "MIT",
      "engines": {
        "node": ">= 10.0.0"
      }
    },
    "../node_modules/.pnpm/aws-cdk-lib@2.237.1_constructs@10.4.5/node_modules/aws-cdk-lib/node_modules/yaml": {
      "version": "1.10.2",
      "dev": true,
      "inBundle": true,
      "license": "ISC",
      "engines": {
        "node": ">= 6"
      }
    },
    "../node_modules/.pnpm/aws-cdk@2.1105.0/node_modules/aws-cdk": {
      "version": "2.1105.0",
      "dev": true,
      "license": "Apache-2.0",
      "bin": {
        "cdk": "bin/cdk"
      },
      "devDependencies": {
        "@aws-cdk/cdk-assets-lib": "^1.2.1",
        "@aws-cdk/cli-plugin-contract": "2.182.1",
        "@aws-cdk/cloud-assembly-api": "2.0.1",
        "@aws-cdk/cloud-assembly-schema": ">=50.4.0",
        "@aws-cdk/cloudformation-diff": "2.185.1",
        "@aws-cdk/cx-api": "^2",
        "@aws-cdk/toolkit-lib": "^1.14.3",
        "@aws-cdk/user-input-gen": "0.0.0",
        "@aws-sdk/client-appsync": "^3",
        "@aws-sdk/client-bedrock-agentcore-control": "^3",
        "@aws-sdk/client-cloudcontrol": "^3",
        "@aws-sdk/client-cloudformation": "^3",
        "@aws-sdk/client-cloudwatch-logs": "^3",
        "@aws-sdk/client-codebuild": "^3",
        "@aws-sdk/client-ec2": "^3",
        "@aws-sdk/client-ecr": "^3",
        "@aws-sdk/client-ecs": "^3",
        "@aws-sdk/client-elastic-load-balancing-v2": "^3",
        "@aws-sdk/client-iam": "^3",
        "@aws-sdk/client-kms": "^3",
        "@aws-sdk/client-lambda": "^3",
        "@aws-sdk/client-route-53": "^3",
        "@aws-sdk/client-s3": "^3",
        "@aws-sdk/client-secrets-manager": "^3",
        "@aws-sdk/client-sfn": "^3",
        "@aws-sdk/client-ssm": "^3",
        "@aws-sdk/client-sts": "^3",
        "@aws-sdk/credential-providers": "^3",
        "@aws-sdk/ec2-metadata-service": "^3",
        "@aws-sdk/lib-storage": "^3",
        "@cdklabs/eslint-plugin": "^1.3.5",
        "@smithy/middleware-endpoint": "^4.4.0",
        "@smithy/property-provider": "^4.2.6",
        "@smithy/shared-ini-file-loader": "^4.4.1",
        "@smithy/types": "^4.10.0",
        "@smithy/util-retry": "^4.2.6",
        "@smithy/util-waiter": "^4.2.6",
        "@stylistic/eslint-plugin": "^3",
        "@types/archiver": "^6.0.4",
        "@types/fs-extra": "^9",
        "@types/jest": "^29.5.14",
        "@types/mockery": "^1.4.33",
        "@types/node": "^16",
        "@types/promptly": "^3.0.5",
        "@types/semver": "^7.7.1",
        "@types/sinon": "^17.0.4",
        "@types/yargs": "^15",
        "@typescript-eslint/eslint-plugin": "^8",
        "@typescript-eslint/parser": "^8",
        "archiver": "^7.0.1",
        "aws-cdk-lib": "2.237.1",
        "aws-sdk-client-mock": "^4.1.0",
        "aws-sdk-client-mock-jest": "^4.1.0",
        "axios": "^1.13.4",
        "camelcase": "^6",
        "cdk-from-cfn": "^0.263.0",
        "chalk": "^4",
        "chokidar": "^4",
        "commit-and-tag-version": "^12",
        "constructs": "^10.0.0",
        "decamelize": "^5",
        "enquirer": "^2.4.1",
        "eslint": "^9",
        "eslint-config-prettier": "^10.1.8",
        "eslint-import-resolver-typescript": "^3.10.1",
        "eslint-plugin-import": "^2.32.0",
        "eslint-plugin-jest": "^29.12.1",
        "eslint-plugin-jsdoc": "^62.4.1",
        "eslint-plugin-prettier": "^5.5.4",
        "fast-check": "^3.23.2",
        "fs-extra": "^9",
        "glob": "^11.1.0",
        "jest": "^29.7.0",
        "jest-environment-node": "^29.7.0",
        "jest-junit": "^16",
        "jest-mock": "^29.7.0",
        "license-checker": "^25.0.1",
        "madge": "^8.0.0",
        "minimatch": "10.0.1",
        "nock": "13",
        "node-backpack": "^1.1.16",
        "p-limit": "^3",
        "p-queue": "^6",
        "prettier": "^2.8",
        "promptly": "^3.2.0",
        "proxy-agent": "^6.5.0",
        "semver": "^7.7.3",
        "sinon": "^19.0.5",
        "strip-ansi": "^6",
        "ts-jest": "^29.4.6",
        "ts-mock-imports": "^1.3.19",
        "typescript": "5.9",
        "uuid": "^11.1.0",
        "wrap-ansi": "^7",
        "xml-js": "^1.6.11",
        "yaml": "^1",
        "yargs": "^15"
      },
      "engines": {
        "node": ">= 18.0.0"
      }
    },
    "../node_modules/.pnpm/constructs@10.4.5/node_modules/constructs": {
      "version": "10.4.5",
      "dev": true,
      "license": "Apache-2.0",
      "devDependencies": {
        "@stylistic/eslint-plugin": "^2",
        "@types/jest": "^29",
        "@types/node": "^18",
        "@typescript-eslint/eslint-plugin": "^8",
        "@typescript-eslint/parser": "^8",
        "cdklabs-projen-project-types": "^0.3.7",
        "commit-and-tag-version": "^12",
        "eslint": "^9",
        "eslint-import-resolver-typescript": "^3.10.1",
        "eslint-plugin-import": "^2.32.0",
        "jest": "^29",
        "jest-junit": "^16",
        "jsii": "5.9.x",
        "jsii-diff": "^1.125.0",
        "jsii-docgen": "^10.5.0",
        "jsii-pacmak": "^1.125.0",
        "jsii-rosetta": "5.9.x",
        "projen": "^0.98.4",
        "ts-jest": "^29",
        "ts-node": "^10.9.2",
        "typescript": "5.9.x"
      }
    },
    "../node_modules/.pnpm/tsx@4.21.0/node_modules/tsx": {
      "version": "4.21.0",
      "dev": true,
      "license": "MIT",
      "dependencies": {
        "esbuild": "~0.27.0",
        "get-tsconfig": "^4.7.5"
      },
      "bin": {
        "tsx": "dist/cli.mjs"
      },
      "engines": {
        "node": ">=18.0.0"
      },
      "optionalDependencies": {
        "fsevents": "~2.3.3"
      }
    },
    "../node_modules/.pnpm/typescript@5.9.3/node_modules/typescript": {
      "version": "5.9.3",
      "dev": true,
      "license": "Apache-2.0",
      "bin": {
        "tsc": "bin/tsc",
        "tsserver": "bin/tsserver"
      },
      "devDependencies": {
        "@dprint/formatter": "^0.4.1",
        "@dprint/typescript": "0.93.4",
        "@esfx/canceltoken": "^1.0.0",
        "@eslint/js": "^9.20.0",
        "@octokit/rest": "^21.1.1",
        "@types/chai": "^4.3.20",
        "@types/diff": "^7.0.1",
        "@types/minimist": "^1.2.5",
        "@types/mocha": "^10.0.10",
        "@types/ms": "^0.7.34",
        "@types/node": "latest",
        "@types/source-map-support": "^0.5.10",
        "@types/which": "^3.0.4",
        "@typescript-eslint/rule-tester": "^8.24.1",
        "@typescript-eslint/type-utils": "^8.24.1",
        "@typescript-eslint/utils": "^8.24.1",
        "azure-devops-node-api": "^14.1.0",
        "c8": "^10.1.3",
        "chai": "^4.5.0",
        "chokidar": "^4.0.3",
        "diff": "^7.0.0",
        "dprint": "^0.49.0",
        "esbuild": "^0.25.0",
        "eslint": "^9.20.1",
        "eslint-formatter-autolinkable-stylish": "^1.4.0",
        "eslint-plugin-regexp": "^2.7.0",
        "fast-xml-parser": "^4.5.2",
        "glob": "^10.4.5",
        "globals": "^15.15.0",
        "hereby": "^1.10.0",
        "jsonc-parser": "^3.3.1",
        "knip": "^5.44.4",
        "minimist": "^1.2.8",
        "mocha": "^10.8.2",
        "mocha-fivemat-progress-reporter": "^0.1.0",
        "monocart-coverage-reports": "^2.12.1",
        "ms": "^2.1.3",
        "picocolors": "^1.1.1",
        "playwright": "^1.50.1",
        "source-map-support": "^0.5.21",
        "tslib": "^2.8.1",
        "typescript": "^5.7.3",
        "typescript-eslint": "^8.24.1",
        "which": "^3.0.1"
      },
      "engines": {
        "node": ">=14.17"
      }
    },
    "node_modules/@types/node": {
      "version": "25.2.1",
      "resolved": "https://registry.npmjs.org/@types/node/-/node-25.2.1.tgz",
      "integrity": "sha512-CPrnr8voK8vC6eEtyRzvMpgp3VyVRhgclonE7qYi6P9sXwYb59ucfrnmFBTaP0yUi8Gk4yZg/LlTJULGxvTNsg==",
      "dev": true,
      "license": "MIT",
      "dependencies": {
        "undici-types": "~7.16.0"
      }
    },
    "node_modules/aws-cdk": {
      "resolved": "../node_modules/.pnpm/aws-cdk@2.1105.0/node_modules/aws-cdk",
      "link": true
    },
    "node_modules/aws-cdk-lib": {
      "resolved": "../node_modules/.pnpm/aws-cdk-lib@2.237.1_constructs@10.4.5/node_modules/aws-cdk-lib",
      "link": true
    },
    "node_modules/constructs": {
      "resolved": "../node_modules/.pnpm/constructs@10.4.5/node_modules/constructs",
      "link": true
    },
    "node_modules/tsx": {
      "resolved": "../node_modules/.pnpm/tsx@4.21.0/node_modules/tsx",
      "link": true
    },
    "node_modules/typescript": {
      "resolved": "../node_modules/.pnpm/typescript@5.9.3/node_modules/typescript",
      "link": true
    },
    "node_modules/undici-types": {
      "version": "7.16.0",
      "resolved": "https://registry.npmjs.org/undici-types/-/undici-types-7.16.0.tgz",
      "integrity": "sha512-Zz+aZWSj8LE6zoxD+xrjh4VfkIG8Ya6LvYkZqtUQGJPZjYl53ypCaUwWqo7eI0x66KBGeRo+mlBEkMSeSZ38Nw==",
      "dev": true,
      "license": "MIT"
    }
  }
}
